Microsoft Visual Studio Solution File, Format Version 12.00
# Visual Studio 2012
Project("{FAE04EC0-301F-11D3-BF4B-00C04F79EFBC}") = "ReactGD", "ReactGD.csproj", "{CE00ED33-8529-4E43-A826-723972885B24}"
EndProject
Global
	GlobalSection(SolutionConfigurationPlatforms) = preSolution
	Debug|Any CPU = Debug|Any CPU
	ExportDebug|Any CPU = ExportDebug|Any CPU
	ExportRelease|Any CPU = ExportRelease|Any CPU
	EndGlobalSection
	GlobalSection(ProjectConfigurationPlatforms) = postSolution
		{CE00ED33-8529-4E43-A826-723972885B24}.Debug|Any CPU.ActiveCfg = Debug|Any CPU
		{CE00ED33-8529-4E43-A826-723972885B24}.Debug|Any CPU.Build.0 = Debug|Any CPU
		{CE00ED33-8529-4E43-A826-723972885B24}.ExportDebug|Any CPU.ActiveCfg = ExportDebug|Any CPU
		{CE00ED33-8529-4E43-A826-723972885B24}.ExportDebug|Any CPU.Build.0 = ExportDebug|Any CPU
		{CE00ED33-8529-4E43-A826-723972885B24}.ExportRelease|Any CPU.ActiveCfg = ExportRelease|Any CPU
		{CE00ED33-8529-4E43-A826-723972885B24}.ExportRelease|Any CPU.Build.0 = ExportRelease|Any CPU
	EndGlobalSection
EndGlobal
